<?xml version="1.0" encoding="utf-8"?>
<Project ToolsVersion="4.0" xmlns="http://schemas.microsoft.com/developer/msbuild/2003">
  <ItemGroup>
    <CudaCompile Include="kernel.cu" />
    <CudaCompile Include="Raytracer.cu" />
  </ItemGroup>
  <ItemGroup>
    <Filter Include="Math">
      <UniqueIdentifier>{0b2d1049-a337-4f41-b24a-0cf50b702045}</UniqueIdentifier>
    </Filter>
    <Filter Include="Renderer">
      <UniqueIdentifier>{b3147bf8-d08e-4eef-8cea-dea61547f3d4}</UniqueIdentifier>
    </Filter>
  </ItemGroup>
  <ItemGroup>
    <ClInclude Include="Math\Ray.h">
      <Filter>Math</Filter>
    </ClInclude>
    <ClInclude Include="Math\Sphere.h">
      <Filter>Math</Filter>
    </ClInclude>
    <ClInclude Include="Renderer\Hittable.h">
      <Filter>Renderer</Filter>
    </ClInclude>
    <ClInclude Include="Renderer\Material.h">
      <Filter>Renderer</Filter>
    </ClInclude>
    <ClInclude Include="Math\vec3.h">
      <Filter>Math</Filter>
    </ClInclude>
    <ClInclude Include="Raytracer.h" />
    <ClInclude Include="Renderer\Camera.h">
      <Filter>Renderer</Filter>
    </ClInclude>
    <ClInclude Include="Math\Triangle.h">
      <Filter>Math</Filter>
    </ClInclude>
    <ClInclude Include="Renderer\Mesh.h">
      <Filter>Renderer</Filter>
    </ClInclude>
    <ClInclude Include="Core\Json.h" />
    <ClInclude Include="Core\Entity.h" />
    <ClInclude Include="Core\Transform.h" />
    <ClInclude Include="Core\cuda.h" />
    <ClInclude Include="Math\mat4.h" />
    <ClInclude Include="Renderer\Light.h" />
  </ItemGroup>
</Project>